
Microsoft Visual Studio Solution File, Format Version 12.00
# Visual Studio 14
VisualStudioVersion = 14.0.25420.1
MinimumVisualStudioVersion = 10.0.40219.1
Project("{FAE04EC0-301F-11D3-BF4B-00C04F79EFBC}") = "Test", "Test\Test.csproj", "{CD949FCF-127B-4C06-9DBA-3A3D48EF08FF}"
EndProject
Global
	GlobalSection(SolutionConfigurationPlatforms) = preSolution
		Debug|Any CPU = Debug|Any CPU
		Release|Any CPU = Release|Any CPU
	EndGlobalSection
	GlobalSection(ProjectConfigurationPlatforms) = postSolution
		{CD949FCF-127B-4C06-9DBA-3A3D48EF08FF}.Debug|Any CPU.ActiveCfg = Debug|Any CPU
		{CD949FCF-127B-4C06-9DBA-3A3D48EF08FF}.Debug|Any CPU.Build.0 = Debug|Any CPU
		{CD949FCF-127B-4C06-9DBA-3A3D48EF08FF}.Release|Any CPU.ActiveCfg = Release|Any CPU
		{CD949FCF-127B-4C06-9DBA-3A3D48EF08FF}.Release|Any CPU.Build.0 = Release|Any CPU
	EndGlobalSection
	GlobalSection(SolutionProperties) = preSolution
		HideSolutionNode = FALSE
	EndGlobalSection
EndGlobal
